
Microsoft Visual Studio Solution File, Format Version 12.00
# Visual Studio Version 17
VisualStudioVersion = 17.14.36518.9 d17.14
MinimumVisualStudioVersion = 10.0.40219.1
Project("{FAE04EC0-301F-11D3-BF4B-00C04F79EFBC}") = "WebApiAjax", "WebApiAjax\WebApiAjax.csproj", "{49D5B7B7-BBDD-43F3-AF33-3B720B34C8F1}"
EndProject
Global
	GlobalSection(SolutionConfigurationPlatforms) = preSolution
		Debug|Any CPU = Debug|Any CPU
		Release|Any CPU = Release|Any CPU
	EndGlobalSection
	GlobalSection(ProjectConfigurationPlatforms) = postSolution
		{49D5B7B7-BBDD-43F3-AF33-3B720B34C8F1}.Debug|Any CPU.ActiveCfg = Debug|Any CPU
		{49D5B7B7-BBDD-43F3-AF33-3B720B34C8F1}.Debug|Any CPU.Build.0 = Debug|Any CPU
		{49D5B7B7-BBDD-43F3-AF33-3B720B34C8F1}.Release|Any CPU.ActiveCfg = Release|Any CPU
		{49D5B7B7-BBDD-43F3-AF33-3B720B34C8F1}.Release|Any CPU.Build.0 = Release|Any CPU
	EndGlobalSection
	GlobalSection(SolutionProperties) = preSolution
		HideSolutionNode = FALSE
	EndGlobalSection
	GlobalSection(ExtensibilityGlobals) = postSolution
		SolutionGuid = {F2B97762-7B68-4FD6-B224-19508B51672F}
	EndGlobalSection
EndGlobal
